{
  "version": "5",
  "specifiers": {
    "jsr:@nats-io/nats-core@3.4.0": "3.4.0",
    "jsr:@nats-io/nkeys@2.0.3": "2.0.3",
    "jsr:@nats-io/nuid@3.0.0": "3.0.0",
    "jsr:@nats-io/transport-deno@^3.3.1": "3.4.0",
    "jsr:@std/assert@^1.0.19": "1.0.19",
    "jsr:@std/bytes@^1.0.5": "1.0.6",
    "jsr:@std/internal@^1.0.12": "1.0.14",
    "jsr:@std/internal@^1.0.14": "1.0.14",
    "jsr:@std/io@0.225.2": "0.225.2",
    "jsr:@std/path@^1.1.4": "1.1.5",
    "npm:@nats-io/jetstream@^3.3.1": "3.4.0",
    "npm:@nats-io/kv@^3.3.1": "3.4.0",
    "npm:@nats-io/nats-core@^3.3.1": "3.4.0",
    "npm:@nats-io/obj@^3.3.1": "3.4.0",
    "npm:@opentelemetry/api@^1.9.1": "1.9.1",
    "npm:@opentelemetry/exporter-metrics-otlp-proto@0.215": "0.215.0_@opentelemetry+api@1.9.1",
    "npm:@opentelemetry/exporter-trace-otlp-proto@0.215": "0.215.0_@opentelemetry+api@1.9.1",
    "npm:@opentelemetry/resources@^2.7.0": "2.8.0_@opentelemetry+api@1.9.1",
    "npm:@opentelemetry/sdk-metrics@^2.7.0": "2.7.0_@opentelemetry+api@1.9.1",
    "npm:@opentelemetry/sdk-trace-base@^2.7.0": "2.8.0_@opentelemetry+api@1.9.1",
    "npm:@opentelemetry/sdk-trace-node@^2.7.0": "2.8.0_@opentelemetry+api@1.9.1",
    "npm:@opentelemetry/semantic-conventions@^1.40.0": "1.41.1",
    "npm:js-sha256@~0.11.1": "0.11.1",
    "npm:tweetnacl@1.0.3": "1.0.3",
    "npm:tweetnacl@^1.0.3": "1.0.3",
    "npm:typebox@^1.1.33": "1.2.16",
    "npm:ulid@^3.0.2": "3.0.2"
  },
  "jsr": {
    "@nats-io/nats-core@3.4.0": {
      "integrity": "55aadb128a34a591a8fb251ab2f525c55e3473958e04bfd057e71bbe6f278c52",
      "dependencies": [
        "jsr:@nats-io/nkeys",
        "jsr:@nats-io/nuid"
      ]
    },
    "@nats-io/nkeys@2.0.3": {
      "integrity": "e92c96eea32b559f2e0f32555b49376942d66c07e59efff9180dbf29e516fbd8",
      "dependencies": [
        "npm:tweetnacl@1.0.3"
      ]
    },
    "@nats-io/nuid@3.0.0": {
      "integrity": "af637fd340e763d48845402f71ffd313808d88beb9abefbaf02037003056a07d"
    },
    "@nats-io/transport-deno@3.4.0": {
      "integrity": "13235bb178853647c01584e5b1f1e59946ffa3157cfc1c7336d70bf3db600575",
      "dependencies": [
        "jsr:@nats-io/nats-core@3.4.0",
        "jsr:@std/io"
      ]
    },
    "@std/assert@1.0.19": {
      "integrity": "eaada96ee120cb980bc47e040f82814d786fe8162ecc53c91d8df60b8755991e",
      "dependencies": [
        "jsr:@std/internal@^1.0.12"
      ]
    },
    "@std/bytes@1.0.6": {
      "integrity": "f6ac6adbd8ccd99314045f5703e23af0a68d7f7e58364b47d2c7f408aeb5820a"
    },
    "@std/internal@1.0.14": {
      "integrity": "291516b3d4c35024d6ffbc0a9df5bf4c64116e05b50012cf846710152d2ffdf7"
    },
    "@std/io@0.225.2": {
      "integrity": "3c740cd4ee4c082e6cfc86458f47e2ab7cb353dc6234d5e9b1f91a2de5f4d6c7",
      "dependencies": [
        "jsr:@std/bytes"
      ]
    },
    "@std/path@1.1.5": {
      "integrity": "ccea00982ea28c36becaf6e62f855406c76a8c32d462f66f415bbb7d83a271bc",
      "dependencies": [
        "jsr:@std/internal@^1.0.14"
      ]
    }
  },
  "npm": {
    "@nats-io/jetstream@3.4.0": {
      "integrity": "sha512-GzHQodNJ942+R5LRb8PuZ5ugVWVWMRiufxUYLLVWkXKfwDXYN+Owo0d7L/b9O7BPyrbYD7jQWAC6+ZVuXa9Gyw==",
      "dependencies": [
        "@nats-io/nats-core"
      ]
    },
    "@nats-io/kv@3.4.0": {
      "integrity": "sha512-168pcRJxWcIRHwdyczI3DaGk5r3CAj3CyKXuk4Nmx5KKj7N1znQOJPIxCoV0TPlAvoTidVb7eBv41J9imapMeQ==",
      "dependencies": [
        "@nats-io/jetstream",
        "@nats-io/nats-core"
      ]
    },
    "@nats-io/nats-core@3.4.0": {
      "integrity": "sha512-QMDM86EUNm+wudlKC67HLar/KHHQUvJGLfb4jbahje3pUk3K9afeck9fwsxBZF0eUFox6T/TA6m/t+lQqf+QsQ==",
      "dependencies": [
        "@nats-io/nkeys",
        "@nats-io/nuid"
      ]
    },
    "@nats-io/nkeys@2.0.3": {
      "integrity": "sha512-JVt56GuE6Z89KUkI4TXUbSI9fmIfAmk6PMPknijmuL72GcD+UgIomTcRWiNvvJKxA01sBbmIPStqJs5cMRBC3A==",
      "dependencies": [
        "tweetnacl"
      ]
    },
    "@nats-io/nuid@3.0.0": {
      "integrity": "sha512-QbXZDrxmYlrn5AD06gYcUTmEHwxn96HBQMIk7XTjDlEcx6FPzVBBPjp4AMRh1lEv6B4iJ6Xb/Uz61JugPXFRQg=="
    },
    "@nats-io/obj@3.4.0": {
      "integrity": "sha512-zQRyrbxVtapKtqlxcA7qiMBN5aoo1aqSLNHyTZY9d6xBmBAYsw7sfYfSdHSguiR7GXtEjFgFnynTcv7Rw9MIrg==",
      "dependencies": [
        "@nats-io/jetstream",
        "@nats-io/nats-core",
        "js-sha256"
      ]
    },
    "@opentelemetry/api-logs@0.215.0": {
      "integrity": "sha512-xrFlqhdhUyO8wSRn6DjE0145/HPWSJ5Nm0C7vWua6TdL/FSEAZvEyvdsa9CRXuxo9ebb7j/NEPhEcO62IJ0qUA==",
      "dependencies": [
        "@opentelemetry/api"
      ]
    },
    "@opentelemetry/api@1.9.1": {
      "integrity": "sha512-gLyJlPHPZYdAk1JENA9LeHejZe1Ti77/pTeFm/nMXmQH/HFZlcS/O2XJB+L8fkbrNSqhdtlvjBVjxwUYanNH5Q=="
    },
    "@opentelemetry/context-async-hooks@2.8.0_@opentelemetry+api@1.9.1": {
      "integrity": "sha512-/3FIraneMcng67SUJCxvyInk/oxzwsxyadufk0wwfOBLf5wqtAGX4MoQASwSbndBPeARzBryUM9Azr5kHIdWLw==",
      "dependencies": [
        "@opentelemetry/api"
      ]
    },
    "@opentelemetry/core@2.7.0_@opentelemetry+api@1.9.1": {
      "integrity": "sha512-DT12SXVwV2eoJrGf4nnsvZojxxeQo+LlNAsoYGRRObPWTeN6APiqZ2+nqDCQDvQX40eLi1AePONS0onoASp3yQ==",
      "dependencies": [
        "@opentelemetry/api",
        "@opentelemetry/semantic-conventions"
      ]
    },
    "@opentelemetry/core@2.8.0_@opentelemetry+api@1.9.1": {
      "integrity": "sha512-hd1Lfh8p545nNz+jq1Ejfz+Mn1hyLuxYn1YzTfFNrxr8urEWMNQLPf1Th8kjOH+HxwawCrtgBp8JpBUR4ZSgww==",
      "dependencies": [
        "@opentelemetry/api",
        "@opentelemetry/semantic-conventions"
      ]
    },
    "@opentelemetry/exporter-metrics-otlp-http@0.215.0_@opentelemetry+api@1.9.1": {
      "integrity": "sha512-FRydO5j7MWnXK9ghfykKxiSM8I5UeiicK/UNl3/mv86xoEKkb+LKz1I3WXgkuYVOQf22VNqbPO58s2W1mVWtEQ==",
      "dependencies": [
        "@opentelemetry/api",
        "@opentelemetry/core@2.7.0_@opentelemetry+api@1.9.1",
        "@opentelemetry/otlp-exporter-base",
        "@opentelemetry/otlp-transformer",
        "@opentelemetry/resources@2.7.0_@opentelemetry+api@1.9.1",
        "@opentelemetry/sdk-metrics"
      ]
    },
    "@opentelemetry/exporter-metrics-otlp-proto@0.215.0_@opentelemetry+api@1.9.1": {
      "integrity": "sha512-d8/Sys9MtxLbn0S+RE1pUNcuoI9ZyI4SPfOO+yskSEQiPFoKCTMwwthB8MTY4S8qxCBAWyM+P7QMX+vEIT7PZw==",
      "dependencies": [
        "@opentelemetry/api",
        "@opentelemetry/core@2.7.0_@opentelemetry+api@1.9.1",
        "@opentelemetry/exporter-metrics-otlp-http",
        "@opentelemetry/otlp-exporter-base",
        "@opentelemetry/otlp-transformer",
        "@opentelemetry/resources@2.7.0_@opentelemetry+api@1.9.1",
        "@opentelemetry/sdk-metrics"
      ]
    },
    "@opentelemetry/exporter-trace-otlp-proto@0.215.0_@opentelemetry+api@1.9.1": {
      "integrity": "sha512-+QclHuJmlp/I3Z2fNn+j1dAajMjJqJ4Sgo8ajwiK6Tzmg5SNwBGmBX66AZvTLe/3/bc3L7bo90m9gsaJBrzEsA==",
      "dependencies": [
        "@opentelemetry/api",
        "@opentelemetry/core@2.7.0_@opentelemetry+api@1.9.1",
        "@opentelemetry/otlp-exporter-base",
        "@opentelemetry/otlp-transformer",
        "@opentelemetry/resources@2.7.0_@opentelemetry+api@1.9.1",
        "@opentelemetry/sdk-trace-base@2.7.0_@opentelemetry+api@1.9.1"
      ]
    },
    "@opentelemetry/otlp-exporter-base@0.215.0_@opentelemetry+api@1.9.1": {
      "integrity": "sha512-lHrfbmeLSmesGSkkHiqDwOzfaEMSWXdc7q6UoLfbW8byONCb+bE/zkAr0kapN4US1baT/2nbpNT7Cn9XoB96Vg==",
      "dependencies": [
        "@opentelemetry/api",
        "@opentelemetry/core@2.7.0_@opentelemetry+api@1.9.1",
        "@opentelemetry/otlp-transformer"
      ]
    },
    "@opentelemetry/otlp-transformer@0.215.0_@opentelemetry+api@1.9.1": {
      "integrity": "sha512-cWwBvaV+vkXHkSoTYR8hGw+AW03UlgTr6xtrUKOMeum3T+8vffYXIfXu6KY5MLu8O9QtoBKqaKWw9I5xoOepng==",
      "dependencies": [
        "@opentelemetry/api",
        "@opentelemetry/api-logs",
        "@opentelemetry/core@2.7.0_@opentelemetry+api@1.9.1",
        "@opentelemetry/resources@2.7.0_@opentelemetry+api@1.9.1",
        "@opentelemetry/sdk-logs",
        "@opentelemetry/sdk-metrics",
        "@opentelemetry/sdk-trace-base@2.7.0_@opentelemetry+api@1.9.1",
        "protobufjs"
      ]
    },
    "@opentelemetry/resources@2.7.0_@opentelemetry+api@1.9.1": {
      "integrity": "sha512-K+oi0hNMv94EpZbnW3eyu2X6SGVpD3O5DhG2NIp65Hc7lhAj9brRXTAVzh3wB82+q3ThakEf7Zd7RsFUqcTc7A==",
      "dependencies": [
        "@opentelemetry/api",
        "@opentelemetry/core@2.7.0_@opentelemetry+api@1.9.1",
        "@opentelemetry/semantic-conventions"
      ]
    },
    "@opentelemetry/resources@2.8.0_@opentelemetry+api@1.9.1": {
      "integrity": "sha512-qmXQ27ilDbUK/vGMqwL8D4/rhn76C+sherM4wTbjlfknR8Nvfc/hCxjRJPhkzZzUsPiNg16SA31NxMabwttRjg==",
      "dependencies": [
        "@opentelemetry/api",
        "@opentelemetry/core@2.8.0_@opentelemetry+api@1.9.1",
        "@opentelemetry/semantic-conventions"
      ]
    },
    "@opentelemetry/sdk-logs@0.215.0_@opentelemetry+api@1.9.1": {
      "integrity": "sha512-y3ucOmphzc4vgBTyIGchs+N/1rkACmoka8QalT2z1LBNM232Z17zMYayHcMl+dgMoOadZ0b72UZv7mDtqy1cFA==",
      "dependencies": [
        "@opentelemetry/api",
        "@opentelemetry/api-logs",
        "@opentelemetry/core@2.7.0_@opentelemetry+api@1.9.1",
        "@opentelemetry/resources@2.7.0_@opentelemetry+api@1.9.1",
        "@opentelemetry/semantic-conventions"
      ]
    },
    "@opentelemetry/sdk-metrics@2.7.0_@opentelemetry+api@1.9.1": {
      "integrity": "sha512-Vd7h95av/LYRsAVN7wbprvvJnHkq7swMXAo7Uad0Uxf9jl6NSReLa0JNivrcc5BVIx/vl2t+cgdVQQbnVhsR9w==",
      "dependencies": [
        "@opentelemetry/api",
        "@opentelemetry/core@2.7.0_@opentelemetry+api@1.9.1",
        "@opentelemetry/resources@2.7.0_@opentelemetry+api@1.9.1"
      ]
    },
    "@opentelemetry/sdk-trace-base@2.7.0_@opentelemetry+api@1.9.1": {
      "integrity": "sha512-Yg9zEXJB50DLVLpsKPk7NmNqlPlS+OvqhJGh0A8oawIOTPOwlm4eXs9BMJV7L79lvEwI+dWtAj+YjTyddV336A==",
      "dependencies": [
        "@opentelemetry/api",
        "@opentelemetry/core@2.7.0_@opentelemetry+api@1.9.1",
        "@opentelemetry/resources@2.7.0_@opentelemetry+api@1.9.1",
        "@opentelemetry/semantic-conventions"
      ]
    },
    "@opentelemetry/sdk-trace-base@2.8.0_@opentelemetry+api@1.9.1": {
      "integrity": "sha512-mhU4jp+vW0mGbFRd+GeXHvmfA4aDqWjBjLC3pE5XMpLs0IE2ryYb019Ts2AQrOq67gaTF25D91+fgvEHDZEnuQ==",
      "dependencies": [
        "@opentelemetry/api",
        "@opentelemetry/core@2.8.0_@opentelemetry+api@1.9.1",
        "@opentelemetry/resources@2.8.0_@opentelemetry+api@1.9.1",
        "@opentelemetry/semantic-conventions"
      ]
    },
    "@opentelemetry/sdk-trace-node@2.8.0_@opentelemetry+api@1.9.1": {
      "integrity": "sha512-nZt9OGufioAc3AfoLTqA9bsAeaMJAictYDdI2VcNQ+PmT+3rfKjAZDZvgPfd8VPX0O5Bw1hdQF6kDK8VSpZiWg==",
      "dependencies": [
        "@opentelemetry/api",
        "@opentelemetry/context-async-hooks",
        "@opentelemetry/core@2.8.0_@opentelemetry+api@1.9.1",
        "@opentelemetry/sdk-trace-base@2.8.0_@opentelemetry+api@1.9.1"
      ]
    },
    "@opentelemetry/semantic-conventions@1.41.1": {
      "integrity": "sha512-/UhIkaZgPutTFmQ7RnIJGgDXZmtEJ7Dvi86xNTFWcnRxVRNk/aotsqDJYeEvDP+FSMB2SdW+pQzNMcWP0rwuNA=="
    },
    "js-sha256@0.11.1": {
      "integrity": "sha512-o6WSo/LUvY2uC4j7mO50a2ms7E/EAdbP0swigLV+nzHKTTaYnaLIWJ02VdXrsJX0vGedDESQnLsOekr94ryfjg=="
    },
    "long@5.3.2": {
      "integrity": "sha512-mNAgZ1GmyNhD7AuqnTG3/VQ26o760+ZYBPKjPvugO8+nLbYfX6TVpJPseBvopbdY+qpZ/lKUnmEc1LeZYS3QAA=="
    },
    "protobufjs@8.6.4": {
      "integrity": "sha512-/+XMv9JalknuncEJSwsyEVlwcxVLKx2iaoSUXFZA86MJkdqyOdfrlB1sB7S6aKyUk9tl20YY+SgQe5J2sJHTcg==",
      "dependencies": [
        "long"
      ]
    },
    "tweetnacl@1.0.3": {
      "integrity": "sha512-6rt+RN7aOi1nGMyC4Xa5DdYiukl2UWCbcJft7YhxReBGQD7OAM8Pbxw6YMo4r2diNEA8FEmu32YOn9rhaiE5yw=="
    },
    "typebox@1.2.16": {
      "integrity": "sha512-p85YWtR1RznP2kt/sftmj1leGiObfHVJwkK2hkDdEKhbtQONeUeBtbYdK0x9tLPh+5AaEPD62APv189Cy+/C2g=="
    },
    "ulid@3.0.2": {
      "integrity": "sha512-yu26mwteFYzBAot7KVMqFGCVpsF6g8wXfJzQUHvu1no3+rRRSFcSV2nKeYvNPLD2J4b08jYBDhHUjeH0ygIl9w==",
      "bin": true
    }
  },
  "workspace": {
    "dependencies": [
      "jsr:@std/assert@^1.0.19",
      "jsr:@std/path@^1.1.4"
    ],
    "links": {
      "jsr:@qlever-llc/result@0.19.0": {
        "dependencies": [
          "npm:typebox@^1.1.33",
          "npm:ulid@^3.0.2"
        ]
      },
      "jsr:@qlever-llc/trellis-app-console@0.0.0": {
        "dependencies": [
          "npm:vite@*"
        ]
      },
      "jsr:@qlever-llc/trellis-control-plane@0.19.0": {
        "dependencies": [
          "npm:@libsql/client@0.15.15",
          "npm:@noble/hashes@1.8.0",
          "npm:drizzle-orm@0.44.7",
          "npm:set-cookie-parser@^3.1.0",
          "npm:ulid@^3.0.2"
        ]
      },
      "jsr:@qlever-llc/trellis-integration@0.0.0": {},
      "jsr:@qlever-llc/trellis-portal-login@0.0.0": {
        "dependencies": [
          "npm:vite@*"
        ]
      },
      "jsr:@qlever-llc/trellis-svelte@0.19.0": {},
      "jsr:@qlever-llc/trellis-test@0.19.0": {
        "dependencies": [
          "jsr:@nats-io/transport-deno@^3.3.1",
          "jsr:@qlever-llc/trellis@0.19",
          "jsr:@std/assert@^1.0.19",
          "jsr:@std/path@^1.1.4",
          "npm:@nats-io/jetstream@^3.3.1",
          "npm:@nats-io/nats-core@^3.3.1"
        ]
      },
      "jsr:@qlever-llc/trellis/sdk/auth@0.19.0": {},
      "jsr:@qlever-llc/trellis/sdk/core@0.19.0": {},
      "jsr:@qlever-llc/trellis/sdk/health@0.19.0": {},
      "jsr:@qlever-llc/trellis/sdk/jobs@0.19.0": {},
      "jsr:@qlever-llc/trellis/sdk/state@0.19.0": {},
      "jsr:@qlever-llc/trellis@0.19.0": {
        "dependencies": [
          "npm:drizzle-orm@0.44.7"
        ]
      }
    }
  }
}
